{
  "name": "carnage",
  "lockfileVersion": 3,
  "requires": true,
  "packages": {
    "node_modules/.pnpm/camelcase-css@2.0.1/node_modules/camelcase-css": {
      "version": "2.0.1",
      "extraneous": true,
      "license": "MIT",
      "devDependencies": {
        "babel-cli": "^6.26.0",
        "babel-core": "^6.26.3",
        "babel-plugin-optimize-starts-with": "^1.0.1",
        "babel-preset-env": "^1.7.0",
        "chai": "^4.1.2",
        "mocha": "^5.2.0"
      },
      "engines": {
        "node": ">= 6"
      }
    },
    "node_modules/.pnpm/css-selector-tokenizer@0.8.0": {
      "extraneous": true
    },
    "node_modules/.pnpm/cssesc@3.0.0/node_modules/cssesc": {
      "version": "3.0.0",
      "extraneous": true,
      "license": "MIT",
      "bin": {
        "cssesc": "bin/cssesc"
      },
      "devDependencies": {
        "babel-cli": "^6.26.0",
        "babel-preset-env": "^1.6.1",
        "codecov": "^1.0.1",
        "grunt": "^1.0.1",
        "grunt-template": "^1.0.0",
        "istanbul": "^0.4.4",
        "mocha": "^2.5.3",
        "regenerate": "^1.2.1",
        "requirejs": "^2.1.16"
      },
      "engines": {
        "node": ">=4"
      }
    },
    "node_modules/.pnpm/culori@3.3.0/node_modules/culori": {
      "version": "3.3.0",
      "extraneous": true,
      "license": "MIT",
      "devDependencies": {
        "@11ty/eleventy": "^2.0.1",
        "@11ty/eleventy-plugin-syntaxhighlight": "^5.0.0",
        "esbuild": "^0.17.19",
        "eslint": "^8.41.0",
        "eslint-plugin-import": "^2.27.5",
        "gh-pages": "^5.0.0",
        "prettier": "^2.8.8",
        "pretty-quick": "^3.1.3",
        "tap-spec": "^5.0.0",
        "tape": "^5.6.3"
      },
      "engines": {
        "node": "^12.20.0 || ^14.13.1 || >=16.0.0"
      }
    },
    "node_modules/.pnpm/daisyui@4.12.13_postcss@8.4.47": {
      "extraneous": true
    },
    "node_modules/.pnpm/fastparse@1.1.2/node_modules/fastparse": {
      "version": "1.1.2",
      "extraneous": true,
      "license": "MIT",
      "devDependencies": {
        "coveralls": "^2.11.2",
        "eslint": "^0.21.2",
        "istanbul": "^0.3.14",
        "mocha": "^2.2.5",
        "should": "^6.0.3"
      }
    },
    "node_modules/.pnpm/nanoid@3.3.7/node_modules/nanoid": {
      "version": "3.3.7",
      "extraneous": true,
      "funding": [
        {
          "type": "github",
          "url": "https://github.com/sponsors/ai"
        }
      ],
      "license": "MIT",
      "bin": {
        "nanoid": "bin/nanoid.cjs"
      },
      "engines": {
        "node": "^10 || ^12 || ^13.7 || ^14 || >=15.0.1"
      }
    },
    "node_modules/.pnpm/picocolors@1.1.1/node_modules/picocolors": {
      "version": "1.1.1",
      "extraneous": true,
      "license": "ISC"
    },
    "node_modules/.pnpm/postcss-js@4.0.1_postcss@8.4.47": {
      "extraneous": true
    },
    "node_modules/.pnpm/postcss@8.4.47": {
      "extraneous": true
    },
    "node_modules/.pnpm/source-map-js@1.2.1/node_modules/source-map-js": {
      "version": "1.2.1",
      "extraneous": true,
      "license": "BSD-3-Clause",
      "devDependencies": {
        "clean-publish": "^3.1.0",
        "doctoc": "^0.15.0",
        "webpack": "^1.12.0"
      },
      "engines": {
        "node": ">=0.10.0"
      }
    }
  }
}
